
Microsoft Visual Studio Solution File, Format Version 12.00
# Visual Studio 14
VisualStudioVersion = 14.0.25420.1
MinimumVisualStudioVersion = 10.0.40219.1
Project("{FAE04EC0-301F-11D3-BF4B-00C04F79EFBC}") = "OrderSystemSpike", "OrderSystemSpike\OrderSystemSpike.csproj", "{23A52491-42DB-420C-A566-6A11B2E7EB77}"
EndProject
Project("{FAE04EC0-301F-11D3-BF4B-00C04F79EFBC}") = "OrderSystemSpike.Models", "OrderSystemSpike.Models\OrderSystemSpike.Models.csproj", "{9424C97E-1E8D-469A-8C75-BBC1552F0F5B}"
EndProject
Project("{FAE04EC0-301F-11D3-BF4B-00C04F79EFBC}") = "OrderSystemSpike.BLL", "OrderSystemSpike.BLL\OrderSystemSpike.BLL.csproj", "{48DB9FFE-CDA2-4CA8-B91F-8D483B8AE0CE}"
EndProject
Project("{FAE04EC0-301F-11D3-BF4B-00C04F79EFBC}") = "OrderSystemSpike.Data", "OrderSystemSpike.Data\OrderSystemSpike.Data.csproj", "{89720271-CD60-47F1-B23F-1DA37F0BB1C8}"
EndProject
Global
	GlobalSection(SolutionConfigurationPlatforms) = preSolution
		Debug|Any CPU = Debug|Any CPU
		Release|Any CPU = Release|Any CPU
	EndGlobalSection
	GlobalSection(ProjectConfigurationPlatforms) = postSolution
		{23A52491-42DB-420C-A566-6A11B2E7EB77}.Debug|Any CPU.ActiveCfg = Debug|Any CPU
		{23A52491-42DB-420C-A566-6A11B2E7EB77}.Debug|Any CPU.Build.0 = Debug|Any CPU
		{23A52491-42DB-420C-A566-6A11B2E7EB77}.Release|Any CPU.ActiveCfg = Release|Any CPU
		{23A52491-42DB-420C-A566-6A11B2E7EB77}.Release|Any CPU.Build.0 = Release|Any CPU
		{9424C97E-1E8D-469A-8C75-BBC1552F0F5B}.Debug|Any CPU.ActiveCfg = Debug|Any CPU
		{9424C97E-1E8D-469A-8C75-BBC1552F0F5B}.Debug|Any CPU.Build.0 = Debug|Any CPU
		{9424C97E-1E8D-469A-8C75-BBC1552F0F5B}.Release|Any CPU.ActiveCfg = Release|Any CPU
		{9424C97E-1E8D-469A-8C75-BBC1552F0F5B}.Release|Any CPU.Build.0 = Release|Any CPU
		{48DB9FFE-CDA2-4CA8-B91F-8D483B8AE0CE}.Debug|Any CPU.ActiveCfg = Debug|Any CPU
		{48DB9FFE-CDA2-4CA8-B91F-8D483B8AE0CE}.Debug|Any CPU.Build.0 = Debug|Any CPU
		{48DB9FFE-CDA2-4CA8-B91F-8D483B8AE0CE}.Release|Any CPU.ActiveCfg = Release|Any CPU
		{48DB9FFE-CDA2-4CA8-B91F-8D483B8AE0CE}.Release|Any CPU.Build.0 = Release|Any CPU
		{89720271-CD60-47F1-B23F-1DA37F0BB1C8}.Debug|Any CPU.ActiveCfg = Debug|Any CPU
		{89720271-CD60-47F1-B23F-1DA37F0BB1C8}.Debug|Any CPU.Build.0 = Debug|Any CPU
		{89720271-CD60-47F1-B23F-1DA37F0BB1C8}.Release|Any CPU.ActiveCfg = Release|Any CPU
		{89720271-CD60-47F1-B23F-1DA37F0BB1C8}.Release|Any CPU.Build.0 = Release|Any CPU
	EndGlobalSection
	GlobalSection(SolutionProperties) = preSolution
		HideSolutionNode = FALSE
	EndGlobalSection
EndGlobal
