
Microsoft Visual Studio Solution File, Format Version 12.00
# Visual Studio 14
VisualStudioVersion = 14.0.25420.1
MinimumVisualStudioVersion = 10.0.40219.1
Project("{FAE04EC0-301F-11D3-BF4B-00C04F79EFBC}") = "StringCalculatorKata", "StringCalculatorKata\StringCalculatorKata.csproj", "{F75A81BB-B297-4725-8585-62AA20F1000C}"
EndProject
Project("{FAE04EC0-301F-11D3-BF4B-00C04F79EFBC}") = "StringCalculatorKata.test", "StringCalculatorKata.test\StringCalculatorKata.test.csproj", "{24B0F84E-4F0E-4777-B9AD-7A146F12C1AE}"
EndProject
Global
	GlobalSection(SolutionConfigurationPlatforms) = preSolution
		Debug|Any CPU = Debug|Any CPU
		Release|Any CPU = Release|Any CPU
	EndGlobalSection
	GlobalSection(ProjectConfigurationPlatforms) = postSolution
		{F75A81BB-B297-4725-8585-62AA20F1000C}.Debug|Any CPU.ActiveCfg = Debug|Any CPU
		{F75A81BB-B297-4725-8585-62AA20F1000C}.Debug|Any CPU.Build.0 = Debug|Any CPU
		{F75A81BB-B297-4725-8585-62AA20F1000C}.Release|Any CPU.ActiveCfg = Release|Any CPU
		{F75A81BB-B297-4725-8585-62AA20F1000C}.Release|Any CPU.Build.0 = Release|Any CPU
		{24B0F84E-4F0E-4777-B9AD-7A146F12C1AE}.Debug|Any CPU.ActiveCfg = Debug|Any CPU
		{24B0F84E-4F0E-4777-B9AD-7A146F12C1AE}.Debug|Any CPU.Build.0 = Debug|Any CPU
		{24B0F84E-4F0E-4777-B9AD-7A146F12C1AE}.Release|Any CPU.ActiveCfg = Release|Any CPU
		{24B0F84E-4F0E-4777-B9AD-7A146F12C1AE}.Release|Any CPU.Build.0 = Release|Any CPU
	EndGlobalSection
	GlobalSection(SolutionProperties) = preSolution
		HideSolutionNode = FALSE
	EndGlobalSection
EndGlobal
